// !$*UTF8*$!
{
	archiveVersion = 1;
	classes = {
	};
	objectVersion = 50;
	objects = {

/* Begin PBXBuildFile section */
		3F0BE192217A574C00D79A8E /* SenderViewController.swift in Sources */ = {isa = PBXBuildFile; fileRef = 3F0BE191217A574C00D79A8E /* SenderViewController.swift */; };
		3F0BE195217A574C00D79A8E /* Main.storyboard in Resources */ = {isa = PBXBuildFile; fileRef = 3F0BE193217A574C00D79A8E /* Main.storyboard */; };
		3F0BE197217A574F00D79A8E /* Assets.xcassets in Resources */ = {isa = PBXBuildFile; fileRef = 3F0BE196217A574F00D79A8E /* Assets.xcassets */; };
		3F0BE19A217A574F00D79A8E /* LaunchScreen.storyboard in Resources */ = {isa = PBXBuildFile; fileRef = 3F0BE198217A574F00D79A8E /* LaunchScreen.storyboard */; };
		3F0BE1A8217A57C700D79A8E /* LaunchScreen.storyboard in Resources */ = {isa = PBXBuildFile; fileRef = 3F0BE198217A574F00D79A8E /* LaunchScreen.storyboard */; };
		3F0BE1A9217A57C700D79A8E /* Assets.xcassets in Resources */ = {isa = PBXBuildFile; fileRef = 3F0BE196217A574F00D79A8E /* Assets.xcassets */; };
		3F0BE1AA217A57C700D79A8E /* Main.storyboard in Resources */ = {isa = PBXBuildFile; fileRef = 3F0BE193217A574C00D79A8E /* Main.storyboard */; };
		3F0BE1B3217A585500D79A8E /* AppDelegate.swift in Sources */ = {isa = PBXBuildFile; fileRef = 3F0BE1B2217A585500D79A8E /* AppDelegate.swift */; };
		3F0BE1B8217A589100D79A8E /* AppDelegate.swift in Sources */ = {isa = PBXBuildFile; fileRef = 3F0BE1B4217A587100D79A8E /* AppDelegate.swift */; };
		3F0BE1B9217A589800D79A8E /* ReceiverViewController.swift in Sources */ = {isa = PBXBuildFile; fileRef = 3F0BE1B0217A57F400D79A8E /* ReceiverViewController.swift */; };
		3F0BE1BB217A5A7600D79A8E /* Constants.swift in Sources */ = {isa = PBXBuildFile; fileRef = 3F0BE1BA217A5A7600D79A8E /* Constants.swift */; };
		3F0BE1BC217A5A8300D79A8E /* Constants.swift in Sources */ = {isa = PBXBuildFile; fileRef = 3F0BE1BA217A5A7600D79A8E /* Constants.swift */; };
		3F6ED37F217A61AC0001ECD8 /* ReceiverInfo.plist in Resources */ = {isa = PBXBuildFile; fileRef = 3F6ED37E217A61AC0001ECD8 /* ReceiverInfo.plist */; };
/* End PBXBuildFile section */

/* Begin PBXFileReference section */
		3F0BE18C217A574C00D79A8E /* AppGroupExampleSender.app */ = {isa = PBXFileReference; explicitFileType = wrapper.application; includeInIndex = 0; path = AppGroupExampleSender.app; sourceTree = BUILT_PRODUCTS_DIR; };
		3F0BE191217A574C00D79A8E /* SenderViewController.swift */ = {isa = PBXFileReference; lastKnownFileType = sourcecode.swift; path = SenderViewController.swift; sourceTree = "<group>"; };
		3F0BE194217A574C00D79A8E /* Base */ = {isa = PBXFileReference; lastKnownFileType = file.storyboard; name = Base; path = Base.lproj/Main.storyboard; sourceTree = "<group>"; };
		3F0BE196217A574F00D79A8E /* Assets.xcassets */ = {isa = PBXFileReference; lastKnownFileType = folder.assetcatalog; path = Assets.xcassets; sourceTree = "<group>"; };
		3F0BE199217A574F00D79A8E /* Base */ = {isa = PBXFileReference; lastKnownFileType = file.storyboard; name = Base; path = Base.lproj/LaunchScreen.storyboard; sourceTree = "<group>"; };
		3F0BE19B217A574F00D79A8E /* SenderInfo.plist */ = {isa = PBXFileReference; lastKnownFileType = text.plist.xml; path = SenderInfo.plist; sourceTree = "<group>"; };
		3F0BE1AE217A57C700D79A8E /* AppGroupExampleReceiver.app */ = {isa = PBXFileReference; explicitFileType = wrapper.application; includeInIndex = 0; path = AppGroupExampleReceiver.app; sourceTree = BUILT_PRODUCTS_DIR; };
		3F0BE1B0217A57F400D79A8E /* ReceiverViewController.swift */ = {isa = PBXFileReference; lastKnownFileType = sourcecode.swift; path = ReceiverViewController.swift; sourceTree = "<group>"; };
		3F0BE1B2217A585500D79A8E /* AppDelegate.swift */ = {isa = PBXFileReference; lastKnownFileType = sourcecode.swift; path = AppDelegate.swift; sourceTree = "<group>"; };
		3F0BE1B4217A587100D79A8E /* AppDelegate.swift */ = {isa = PBXFileReference; lastKnownFileType = sourcecode.swift; path = AppDelegate.swift; sourceTree = "<group>"; };
		3F0BE1BA217A5A7600D79A8E /* Constants.swift */ = {isa = PBXFileReference; lastKnownFileType = sourcecode.swift; path = Constants.swift; sourceTree = "<group>"; };
		3F6ED37B217A5EB70001ECD8 /* AppGroupExampleSender.entitlements */ = {isa = PBXFileReference; lastKnownFileType = text.plist.entitlements; path = AppGroupExampleSender.entitlements; sourceTree = "<group>"; };
		3F6ED37C217A5EBB0001ECD8 /* AppGroupExampleReceiver.entitlements */ = {isa = PBXFileReference; lastKnownFileType = text.plist.entitlements; path = AppGroupExampleReceiver.entitlements; sourceTree = "<group>"; };
		3F6ED37E217A61AC0001ECD8 /* ReceiverInfo.plist */ = {isa = PBXFileReference; fileEncoding = 4; lastKnownFileType = text.plist.xml; path = ReceiverInfo.plist; sourceTree = "<group>"; };
/* End PBXFileReference section */

/* Begin PBXFrameworksBuildPhase section */
		3F0BE189217A574C00D79A8E /* Frameworks */ = {
			isa = PBXFrameworksBuildPhase;
			buildActionMask = 2147483647;
			files = (
			);
			runOnlyForDeploymentPostprocessing = 0;
		};
		3F0BE1A6217A57C700D79A8E /* Frameworks */ = {
			isa = PBXFrameworksBuildPhase;
			buildActionMask = 2147483647;
			files = (
			);
			runOnlyForDeploymentPostprocessing = 0;
		};
/* End PBXFrameworksBuildPhase section */

/* Begin PBXGroup section */
		3F0BE183217A574C00D79A8E = {
			isa = PBXGroup;
			children = (
				3F6ED37C217A5EBB0001ECD8 /* AppGroupExampleReceiver.entitlements */,
				3F6ED37B217A5EB70001ECD8 /* AppGroupExampleSender.entitlements */,
				3F0BE18E217A574C00D79A8E /* AppGroupExample */,
				3F0BE18D217A574C00D79A8E /* Products */,
			);
			sourceTree = "<group>";
		};
		3F0BE18D217A574C00D79A8E /* Products */ = {
			isa = PBXGroup;
			children = (
				3F0BE18C217A574C00D79A8E /* AppGroupExampleSender.app */,
				3F0BE1AE217A57C700D79A8E /* AppGroupExampleReceiver.app */,
			);
			name = Products;
			sourceTree = "<group>";
		};
		3F0BE18E217A574C00D79A8E /* AppGroupExample */ = {
			isa = PBXGroup;
			children = (
				3F6ED37D217A60B60001ECD8 /* Shared */,
				3F0BE1B6217A587500D79A8E /* Sender */,
				3F0BE1B7217A587900D79A8E /* Receiver */,
				3F0BE196217A574F00D79A8E /* Assets.xcassets */,
				3F0BE198217A574F00D79A8E /* LaunchScreen.storyboard */,
			);
			path = AppGroupExample;
			sourceTree = "<group>";
		};
		3F0BE1B6217A587500D79A8E /* Sender */ = {
			isa = PBXGroup;
			children = (
				3F0BE1B2217A585500D79A8E /* AppDelegate.swift */,
				3F0BE191217A574C00D79A8E /* SenderViewController.swift */,
				3F0BE19B217A574F00D79A8E /* SenderInfo.plist */,
			);
			path = Sender;
			sourceTree = "<group>";
		};
		3F0BE1B7217A587900D79A8E /* Receiver */ = {
			isa = PBXGroup;
			children = (
				3F0BE1B4217A587100D79A8E /* AppDelegate.swift */,
				3F0BE1B0217A57F400D79A8E /* ReceiverViewController.swift */,
				3F6ED37E217A61AC0001ECD8 /* ReceiverInfo.plist */,
			);
			path = Receiver;
			sourceTree = "<group>";
		};
		3F6ED37D217A60B60001ECD8 /* Shared */ = {
			isa = PBXGroup;
			children = (
				3F0BE1BA217A5A7600D79A8E /* Constants.swift */,
				3F0BE193217A574C00D79A8E /* Main.storyboard */,
			);
			path = Shared;
			sourceTree = "<group>";
		};
/* End PBXGroup section */

/* Begin PBXNativeTarget section */
		3F0BE18B217A574C00D79A8E /* AppGroupExampleSender */ = {
			isa = PBXNativeTarget;
			buildConfigurationList = 3F0BE19E217A574F00D79A8E /* Build configuration list for PBXNativeTarget "AppGroupExampleSender" */;
			buildPhases = (
				3F0BE188217A574C00D79A8E /* Sources */,
				3F0BE189217A574C00D79A8E /* Frameworks */,
				3F0BE18A217A574C00D79A8E /* Resources */,
			);
			buildRules = (
			);
			dependencies = (
			);
			name = AppGroupExampleSender;
			productName = AppGroupExample;
			productReference = 3F0BE18C217A574C00D79A8E /* AppGroupExampleSender.app */;
			productType = "com.apple.product-type.application";
		};
		3F0BE1A2217A57C700D79A8E /* AppGroupExampleReceiver */ = {
			isa = PBXNativeTarget;
			buildConfigurationList = 3F0BE1AB217A57C700D79A8E /* Build configuration list for PBXNativeTarget "AppGroupExampleReceiver" */;
			buildPhases = (
				3F0BE1A3217A57C700D79A8E /* Sources */,
				3F0BE1A6217A57C700D79A8E /* Frameworks */,
				3F0BE1A7217A57C700D79A8E /* Resources */,
			);
			buildRules = (
			);
			dependencies = (
			);
			name = AppGroupExampleReceiver;
			productName = AppGroupExample;
			productReference = 3F0BE1AE217A57C700D79A8E /* AppGroupExampleReceiver.app */;
			productType = "com.apple.product-type.application";
		};
/* End PBXNativeTarget section */

/* Begin PBXProject section */
		3F0BE184217A574C00D79A8E /* Project object */ = {
			isa = PBXProject;
			attributes = {
				LastSwiftUpdateCheck = 1000;
				LastUpgradeCheck = 1000;
				ORGANIZATIONNAME = "Kevin Yu";
				TargetAttributes = {
					3F0BE18B217A574C00D79A8E = {
						CreatedOnToolsVersion = 10.0;
						SystemCapabilities = {
							com.apple.ApplicationGroups.iOS = {
								enabled = 1;
							};
						};
					};
					3F0BE1A2217A57C700D79A8E = {
						SystemCapabilities = {
							com.apple.ApplicationGroups.iOS = {
								enabled = 1;
							};
						};
					};
				};
			};
			buildConfigurationList = 3F0BE187217A574C00D79A8E /* Build configuration list for PBXProject "AppGroupExample" */;
			compatibilityVersion = "Xcode 9.3";
			developmentRegion = en;
			hasScannedForEncodings = 0;
			knownRegions = (
				en,
				Base,
			);
			mainGroup = 3F0BE183217A574C00D79A8E;
			productRefGroup = 3F0BE18D217A574C00D79A8E /* Products */;
			projectDirPath = "";
			projectRoot = "";
			targets = (
				3F0BE18B217A574C00D79A8E /* AppGroupExampleSender */,
				3F0BE1A2217A57C700D79A8E /* AppGroupExampleReceiver */,
			);
		};
/* End PBXProject section */

/* Begin PBXResourcesBuildPhase section */
		3F0BE18A217A574C00D79A8E /* Resources */ = {
			isa = PBXResourcesBuildPhase;
			buildActionMask = 2147483647;
			files = (
				3F0BE19A217A574F00D79A8E /* LaunchScreen.storyboard in Resources */,
				3F6ED37F217A61AC0001ECD8 /* ReceiverInfo.plist in Resources */,
				3F0BE197217A574F00D79A8E /* Assets.xcassets in Resources */,
				3F0BE195217A574C00D79A8E /* Main.storyboard in Resources */,
			);
			runOnlyForDeploymentPostprocessing = 0;
		};
		3F0BE1A7217A57C700D79A8E /* Resources */ = {
			isa = PBXResourcesBuildPhase;
			buildActionMask = 2147483647;
			files = (
				3F0BE1A8217A57C700D79A8E /* LaunchScreen.storyboard in Resources */,
				3F0BE1A9217A57C700D79A8E /* Assets.xcassets in Resources */,
				3F0BE1AA217A57C700D79A8E /* Main.storyboard in Resources */,
			);
			runOnlyForDeploymentPostprocessing = 0;
		};
/* End PBXResourcesBuildPhase section */

/* Begin PBXSourcesBuildPhase section */
		3F0BE188217A574C00D79A8E /* Sources */ = {
			isa = PBXSourcesBuildPhase;
			buildActionMask = 2147483647;
			files = (
				3F0BE1B3217A585500D79A8E /* AppDelegate.swift in Sources */,
				3F0BE192217A574C00D79A8E /* SenderViewController.swift in Sources */,
				3F0BE1BB217A5A7600D79A8E /* Constants.swift in Sources */,
			);
			runOnlyForDeploymentPostprocessing = 0;
		};
		3F0BE1A3217A57C700D79A8E /* Sources */ = {
			isa = PBXSourcesBuildPhase;
			buildActionMask = 2147483647;
			files = (
				3F0BE1B8217A589100D79A8E /* AppDelegate.swift in Sources */,
				3F0BE1B9217A589800D79A8E /* ReceiverViewController.swift in Sources */,
				3F0BE1BC217A5A8300D79A8E /* Constants.swift in Sources */,
			);
			runOnlyForDeploymentPostprocessing = 0;
		};
/* End PBXSourcesBuildPhase section */

/* Begin PBXVariantGroup section */
		3F0BE193217A574C00D79A8E /* Main.storyboard */ = {
			isa = PBXVariantGroup;
			children = (
				3F0BE194217A574C00D79A8E /* Base */,
			);
			name = Main.storyboard;
			sourceTree = "<group>";
		};
		3F0BE198217A574F00D79A8E /* LaunchScreen.storyboard */ = {
			isa = PBXVariantGroup;
			children = (
				3F0BE199217A574F00D79A8E /* Base */,
			);
			name = LaunchScreen.storyboard;
			sourceTree = "<group>";
		};
/* End PBXVariantGroup section */

/* Begin XCBuildConfiguration section */
		3F0BE19C217A574F00D79A8E /* Debug */ = {
			isa = XCBuildConfiguration;
			buildSettings = {
				ALWAYS_SEARCH_USER_PATHS = NO;
				CLANG_ANALYZER_NONNULL = YES;
				CLANG_ANALYZER_NUMBER_OBJECT_CONVERSION = YES_AGGRESSIVE;
				CLANG_CXX_LANGUAGE_STANDARD = "gnu++14";
				CLANG_CXX_LIBRARY = "libc++";
				CLANG_ENABLE_MODULES = YES;
				CLANG_ENABLE_OBJC_ARC = YES;
				CLANG_ENABLE_OBJC_WEAK = YES;
				CLANG_WARN_BLOCK_CAPTURE_AUTORELEASING = YES;
				CLANG_WARN_BOOL_CONVERSION = YES;
				CLANG_WARN_COMMA = YES;
				CLANG_WARN_CONSTANT_CONVERSION = YES;
				CLANG_WARN_DEPRECATED_OBJC_IMPLEMENTATIONS = YES;
				CLANG_WARN_DIRECT_OBJC_ISA_USAGE = YES_ERROR;
				CLANG_WARN_DOCUMENTATION_COMMENTS = YES;
				CLANG_WARN_EMPTY_BODY = YES;
				CLANG_WARN_ENUM_CONVERSION = YES;
				CLANG_WARN_INFINITE_RECURSION = YES;
				CLANG_WARN_INT_CONVERSION = YES;
				CLANG_WARN_NON_LITERAL_NULL_CONVERSION = YES;
				CLANG_WARN_OBJC_IMPLICIT_RETAIN_SELF = YES;
				CLANG_WARN_OBJC_LITERAL_CONVERSION = YES;
				CLANG_WARN_OBJC_ROOT_CLASS = YES_ERROR;
				CLANG_WARN_RANGE_LOOP_ANALYSIS = YES;
				CLANG_WARN_STRICT_PROTOTYPES = YES;
				CLANG_WARN_SUSPICIOUS_MOVE = YES;
				CLANG_WARN_UNGUARDED_AVAILABILITY = YES_AGGRESSIVE;
				CLANG_WARN_UNREACHABLE_CODE = YES;
				CLANG_WARN__DUPLICATE_METHOD_MATCH = YES;
				CODE_SIGN_IDENTITY = "iPhone Developer";
				COPY_PHASE_STRIP = NO;
				DEBUG_INFORMATION_FORMAT = dwarf;
				ENABLE_STRICT_OBJC_MSGSEND = YES;
				ENABLE_TESTABILITY = YES;
				GCC_C_LANGUAGE_STANDARD = gnu11;
				GCC_DYNAMIC_NO_PIC = NO;
				GCC_NO_COMMON_BLOCKS = YES;
				GCC_OPTIMIZATION_LEVEL = 0;
				GCC_PREPROCESSOR_DEFINITIONS = (
					"DEBUG=1",
					"$(inherited)",
				);
				GCC_WARN_64_TO_32_BIT_CONVERSION = YES;
				GCC_WARN_ABOUT_RETURN_TYPE = YES_ERROR;
				GCC_WARN_UNDECLARED_SELECTOR = YES;
				GCC_WARN_UNINITIALIZED_AUTOS = YES_AGGRESSIVE;
				GCC_WARN_UNUSED_FUNCTION = YES;
				GCC_WARN_UNUSED_VARIABLE = YES;
				IPHONEOS_DEPLOYMENT_TARGET = 12.0;
				MTL_ENABLE_DEBUG_INFO = INCLUDE_SOURCE;
				MTL_FAST_MATH = YES;
				ONLY_ACTIVE_ARCH = YES;
				SDKROOT = iphoneos;
				SWIFT_ACTIVE_COMPILATION_CONDITIONS = DEBUG;
				SWIFT_OPTIMIZATION_LEVEL = "-Onone";
			};
			name = Debug;
		};
		3F0BE19D217A574F00D79A8E /* Release */ = {
			isa = XCBuildConfiguration;
			buildSettings = {
				ALWAYS_SEARCH_USER_PATHS = NO;
				CLANG_ANALYZER_NONNULL = YES;
				CLANG_ANALYZER_NUMBER_OBJECT_CONVERSION = YES_AGGRESSIVE;
				CLANG_CXX_LANGUAGE_STANDARD = "gnu++14";
				CLANG_CXX_LIBRARY = "libc++";
				CLANG_ENABLE_MODULES = YES;
				CLANG_ENABLE_OBJC_ARC = YES;
				CLANG_ENABLE_OBJC_WEAK = YES;
				CLANG_WARN_BLOCK_CAPTURE_AUTORELEASING = YES;
				CLANG_WARN_BOOL_CONVERSION = YES;
				CLANG_WARN_COMMA = YES;
				CLANG_WARN_CONSTANT_CONVERSION = YES;
				CLANG_WARN_DEPRECATED_OBJC_IMPLEMENTATIONS = YES;
				CLANG_WARN_DIRECT_OBJC_ISA_USAGE = YES_ERROR;
				CLANG_WARN_DOCUMENTATION_COMMENTS = YES;
				CLANG_WARN_EMPTY_BODY = YES;
				CLANG_WARN_ENUM_CONVERSION = YES;
				CLANG_WARN_INFINITE_RECURSION = YES;
				CLANG_WARN_INT_CONVERSION = YES;
				CLANG_WARN_NON_LITERAL_NULL_CONVERSION = YES;
				CLANG_WARN_OBJC_IMPLICIT_RETAIN_SELF = YES;
				CLANG_WARN_OBJC_LITERAL_CONVERSION = YES;
				CLANG_WARN_OBJC_ROOT_CLASS = YES_ERROR;
				CLANG_WARN_RANGE_LOOP_ANALYSIS = YES;
				CLANG_WARN_STRICT_PROTOTYPES = YES;
				CLANG_WARN_SUSPICIOUS_MOVE = YES;
				CLANG_WARN_UNGUARDED_AVAILABILITY = YES_AGGRESSIVE;
				CLANG_WARN_UNREACHABLE_CODE = YES;
				CLANG_WARN__DUPLICATE_METHOD_MATCH = YES;
				CODE_SIGN_IDENTITY = "iPhone Developer";
				COPY_PHASE_STRIP = NO;
				DEBUG_INFORMATION_FORMAT = "dwarf-with-dsym";
				ENABLE_NS_ASSERTIONS = NO;
				ENABLE_STRICT_OBJC_MSGSEND = YES;
				GCC_C_LANGUAGE_STANDARD = gnu11;
				GCC_NO_COMMON_BLOCKS = YES;
				GCC_WARN_64_TO_32_BIT_CONVERSION = YES;
				GCC_WARN_ABOUT_RETURN_TYPE = YES_ERROR;
				GCC_WARN_UNDECLARED_SELECTOR = YES;
				GCC_WARN_UNINITIALIZED_AUTOS = YES_AGGRESSIVE;
				GCC_WARN_UNUSED_FUNCTION = YES;
				GCC_WARN_UNUSED_VARIABLE = YES;
				IPHONEOS_DEPLOYMENT_TARGET = 12.0;
				MTL_ENABLE_DEBUG_INFO = NO;
				MTL_FAST_MATH = YES;
				SDKROOT = iphoneos;
				SWIFT_COMPILATION_MODE = wholemodule;
				SWIFT_OPTIMIZATION_LEVEL = "-O";
				VALIDATE_PRODUCT = YES;
			};
			name = Release;
		};
		3F0BE19F217A574F00D79A8E /* Debug */ = {
			isa = XCBuildConfiguration;
			buildSettings = {
				ASSETCATALOG_COMPILER_APPICON_NAME = AppIcon;
				CODE_SIGN_ENTITLEMENTS = AppGroupExampleSender.entitlements;
				CODE_SIGN_STYLE = Automatic;
				DEVELOPMENT_TEAM = SY7RWQB994;
				INFOPLIST_FILE = AppGroupExample/Sender/SenderInfo.plist;
				LD_RUNPATH_SEARCH_PATHS = (
					"$(inherited)",
					"@executable_path/Frameworks",
				);
				PRODUCT_BUNDLE_IDENTIFIER = KevinYu.AppGroupExample.Sender;
				PRODUCT_NAME = "$(TARGET_NAME)";
				SWIFT_VERSION = 4.2;
				TARGETED_DEVICE_FAMILY = "1,2";
			};
			name = Debug;
		};
		3F0BE1A0217A574F00D79A8E /* Release */ = {
			isa = XCBuildConfiguration;
			buildSettings = {
				ASSETCATALOG_COMPILER_APPICON_NAME = AppIcon;
				CODE_SIGN_ENTITLEMENTS = AppGroupExampleSender.entitlements;
				CODE_SIGN_STYLE = Automatic;
				DEVELOPMENT_TEAM = SY7RWQB994;
				INFOPLIST_FILE = AppGroupExample/Sender/SenderInfo.plist;
				LD_RUNPATH_SEARCH_PATHS = (
					"$(inherited)",
					"@executable_path/Frameworks",
				);
				PRODUCT_BUNDLE_IDENTIFIER = KevinYu.AppGroupExample.Sender;
				PRODUCT_NAME = "$(TARGET_NAME)";
				SWIFT_VERSION = 4.2;
				TARGETED_DEVICE_FAMILY = "1,2";
			};
			name = Release;
		};
		3F0BE1AC217A57C700D79A8E /* Debug */ = {
			isa = XCBuildConfiguration;
			buildSettings = {
				ASSETCATALOG_COMPILER_APPICON_NAME = AppIcon;
				CODE_SIGN_ENTITLEMENTS = AppGroupExampleReceiver.entitlements;
				CODE_SIGN_STYLE = Automatic;
				DEVELOPMENT_TEAM = SY7RWQB994;
				INFOPLIST_FILE = AppGroupExample/Receiver/ReceiverInfo.plist;
				LD_RUNPATH_SEARCH_PATHS = (
					"$(inherited)",
					"@executable_path/Frameworks",
				);
				PRODUCT_BUNDLE_IDENTIFIER = KevinYu.AppGroupExample.Reciever;
				PRODUCT_NAME = "$(TARGET_NAME)";
				SWIFT_VERSION = 4.2;
				TARGETED_DEVICE_FAMILY = "1,2";
			};
			name = Debug;
		};
		3F0BE1AD217A57C700D79A8E /* Release */ = {
			isa = XCBuildConfiguration;
			buildSettings = {
				ASSETCATALOG_COMPILER_APPICON_NAME = AppIcon;
				CODE_SIGN_ENTITLEMENTS = AppGroupExampleReceiver.entitlements;
				CODE_SIGN_STYLE = Automatic;
				DEVELOPMENT_TEAM = SY7RWQB994;
				INFOPLIST_FILE = AppGroupExample/Receiver/ReceiverInfo.plist;
				LD_RUNPATH_SEARCH_PATHS = (
					"$(inherited)",
					"@executable_path/Frameworks",
				);
				PRODUCT_BUNDLE_IDENTIFIER = KevinYu.AppGroupExample.Reciever;
				PRODUCT_NAME = "$(TARGET_NAME)";
				SWIFT_VERSION = 4.2;
				TARGETED_DEVICE_FAMILY = "1,2";
			};
			name = Release;
		};
/* End XCBuildConfiguration section */

/* Begin XCConfigurationList section */
		3F0BE187217A574C00D79A8E /* Build configuration list for PBXProject "AppGroupExample" */ = {
			isa = XCConfigurationList;
			buildConfigurations = (
				3F0BE19C217A574F00D79A8E /* Debug */,
				3F0BE19D217A574F00D79A8E /* Release */,
			);
			defaultConfigurationIsVisible = 0;
			defaultConfigurationName = Release;
		};
		3F0BE19E217A574F00D79A8E /* Build configuration list for PBXNativeTarget "AppGroupExampleSender" */ = {
			isa = XCConfigurationList;
			buildConfigurations = (
				3F0BE19F217A574F00D79A8E /* Debug */,
				3F0BE1A0217A574F00D79A8E /* Release */,
			);
			defaultConfigurationIsVisible = 0;
			defaultConfigurationName = Release;
		};
		3F0BE1AB217A57C700D79A8E /* Build configuration list for PBXNativeTarget "AppGroupExampleReceiver" */ = {
			isa = XCConfigurationList;
			buildConfigurations = (
				3F0BE1AC217A57C700D79A8E /* Debug */,
				3F0BE1AD217A57C700D79A8E /* Release */,
			);
			defaultConfigurationIsVisible = 0;
			defaultConfigurationName = Release;
		};
/* End XCConfigurationList section */
	};
	rootObject = 3F0BE184217A574C00D79A8E /* Project object */;
}
